// !$*UTF8*$!
{
	archiveVersion = 1;
	classes = {
	};
	objectVersion = 50;
	objects = {

/* Begin PBXBuildFile section */
		1A0C2C8A25AC7F9F00279C0C /* DreamsNetworkInteraction.swift in Sources */ = {isa = PBXBuildFile; fileRef = 1A0C2C8925AC7F9F00279C0C /* DreamsNetworkInteraction.swift */; };
		1A0C2C8E25AC7FD900279C0C /* DreamsConfiguration.swift in Sources */ = {isa = PBXBuildFile; fileRef = 1A0C2C8D25AC7FD900279C0C /* DreamsConfiguration.swift */; };
		1A0C2C9C25AC9C9100279C0C /* DreamsCredentials.swift in Sources */ = {isa = PBXBuildFile; fileRef = 1A0C2C9B25AC9C9100279C0C /* DreamsCredentials.swift */; };
		FA343FF1251CDD950073F33E /* Dreams.h in Headers */ = {isa = PBXBuildFile; fileRef = FA343FEF251CDD950073F33E /* Dreams.h */; settings = {ATTRIBUTES = (Public, ); }; };
		FA482EA2251CE91F00D6006B /* Dreams.swift in Sources */ = {isa = PBXBuildFile; fileRef = FA482E9F251CE91F00D6006B /* Dreams.swift */; };
		FA482EA3251CE91F00D6006B /* DreamsViewController.swift in Sources */ = {isa = PBXBuildFile; fileRef = FA482EA0251CE91F00D6006B /* DreamsViewController.swift */; };
		FA6B49CE252356E80026B31D /* WebService.swift in Sources */ = {isa = PBXBuildFile; fileRef = FA6B49CD252356E80026B31D /* WebService.swift */; };
		FA6CD8E22525EB2700E68FA7 /* WebServiceTests.swift in Sources */ = {isa = PBXBuildFile; fileRef = FA6CD8E12525EB2700E68FA7 /* WebServiceTests.swift */; };
		FA6CD8E42525EB2700E68FA7 /* Dreams.framework in Frameworks */ = {isa = PBXBuildFile; fileRef = FA343FEC251CDD950073F33E /* Dreams.framework */; };
		FA6CD92C25262F7E00E68FA7 /* DreamsTests.swift in Sources */ = {isa = PBXBuildFile; fileRef = FA6CD92B25262F7E00E68FA7 /* DreamsTests.swift */; };
		FA6CD93525262FE300E68FA7 /* DreamsViewControllerTests.swift in Sources */ = {isa = PBXBuildFile; fileRef = FA6CD92725262F1600E68FA7 /* DreamsViewControllerTests.swift */; };
		FA6CD941252C6A8000E68FA7 /* DreamsViewControllerDelegateSpy.swift in Sources */ = {isa = PBXBuildFile; fileRef = FA6CD93D252C6A6100E68FA7 /* DreamsViewControllerDelegateSpy.swift */; };
		FA6CD948252C6A9900E68FA7 /* WebServiceSpy.swift in Sources */ = {isa = PBXBuildFile; fileRef = FA6CD944252C6A9700E68FA7 /* WebServiceSpy.swift */; };
		FA6CD953252C6AF700E68FA7 /* WebServiceDelegateSpy.swift in Sources */ = {isa = PBXBuildFile; fileRef = FA6CD94F252C6AEB00E68FA7 /* WebServiceDelegateSpy.swift */; };
		FA6CD959252C6B2500E68FA7 /* DreamsExtensions.swift in Sources */ = {isa = PBXBuildFile; fileRef = FA6CD958252C6B2500E68FA7 /* DreamsExtensions.swift */; };
		FA73781425876E5800B662F3 /* Request.swift in Sources */ = {isa = PBXBuildFile; fileRef = FA73781325876E5800B662F3 /* Request.swift */; };
		FA73781825876E7600B662F3 /* ResponseEvent.swift in Sources */ = {isa = PBXBuildFile; fileRef = FA73781725876E7600B662F3 /* ResponseEvent.swift */; };
		FAABFF482588F2BE00302A40 /* DreamsViewControllerDelegateTests.swift in Sources */ = {isa = PBXBuildFile; fileRef = FA7378342588F0B300B662F3 /* DreamsViewControllerDelegateTests.swift */; };
		FAF52E00252F2ADE0099D38F /* WebServiceDelegate.swift in Sources */ = {isa = PBXBuildFile; fileRef = FAF52DFF252F2ADE0099D38F /* WebServiceDelegate.swift */; };
		FAF52E04252F2FC90099D38F /* WebServiceType.swift in Sources */ = {isa = PBXBuildFile; fileRef = FAF52E03252F2FC90099D38F /* WebServiceType.swift */; };
		FAF52E0A252F36A80099D38F /* DreamsDelegate.swift in Sources */ = {isa = PBXBuildFile; fileRef = FAF52E09252F36A80099D38F /* DreamsDelegate.swift */; };
/* End PBXBuildFile section */

/* Begin PBXContainerItemProxy section */
		FA6CD8E52525EB2700E68FA7 /* PBXContainerItemProxy */ = {
			isa = PBXContainerItemProxy;
			containerPortal = FA343FE3251CDD950073F33E /* Project object */;
			proxyType = 1;
			remoteGlobalIDString = FA343FEB251CDD950073F33E;
			remoteInfo = Dreams;
		};
/* End PBXContainerItemProxy section */

/* Begin PBXFileReference section */
		1A0C2C8925AC7F9F00279C0C /* DreamsNetworkInteraction.swift */ = {isa = PBXFileReference; lastKnownFileType = sourcecode.swift; path = DreamsNetworkInteraction.swift; sourceTree = "<group>"; };
		1A0C2C8D25AC7FD900279C0C /* DreamsConfiguration.swift */ = {isa = PBXFileReference; lastKnownFileType = sourcecode.swift; path = DreamsConfiguration.swift; sourceTree = "<group>"; };
		1A0C2C9B25AC9C9100279C0C /* DreamsCredentials.swift */ = {isa = PBXFileReference; lastKnownFileType = sourcecode.swift; path = DreamsCredentials.swift; sourceTree = "<group>"; };
		FA343FEC251CDD950073F33E /* Dreams.framework */ = {isa = PBXFileReference; explicitFileType = wrapper.framework; includeInIndex = 0; path = Dreams.framework; sourceTree = BUILT_PRODUCTS_DIR; };
		FA343FEF251CDD950073F33E /* Dreams.h */ = {isa = PBXFileReference; lastKnownFileType = sourcecode.c.h; path = Dreams.h; sourceTree = "<group>"; };
		FA343FF0251CDD950073F33E /* Info.plist */ = {isa = PBXFileReference; lastKnownFileType = text.plist.xml; path = Info.plist; sourceTree = "<group>"; };
		FA482E9F251CE91F00D6006B /* Dreams.swift */ = {isa = PBXFileReference; fileEncoding = 4; lastKnownFileType = sourcecode.swift; path = Dreams.swift; sourceTree = "<group>"; };
		FA482EA0251CE91F00D6006B /* DreamsViewController.swift */ = {isa = PBXFileReference; fileEncoding = 4; lastKnownFileType = sourcecode.swift; path = DreamsViewController.swift; sourceTree = "<group>"; };
		FA6B49CD252356E80026B31D /* WebService.swift */ = {isa = PBXFileReference; lastKnownFileType = sourcecode.swift; path = WebService.swift; sourceTree = "<group>"; };
		FA6CD8DF2525EB2700E68FA7 /* DreamsTests.xctest */ = {isa = PBXFileReference; explicitFileType = wrapper.cfbundle; includeInIndex = 0; path = DreamsTests.xctest; sourceTree = BUILT_PRODUCTS_DIR; };
		FA6CD8E12525EB2700E68FA7 /* WebServiceTests.swift */ = {isa = PBXFileReference; lastKnownFileType = sourcecode.swift; path = WebServiceTests.swift; sourceTree = "<group>"; };
		FA6CD8E32525EB2700E68FA7 /* Info.plist */ = {isa = PBXFileReference; lastKnownFileType = text.plist.xml; path = Info.plist; sourceTree = "<group>"; };
		FA6CD92725262F1600E68FA7 /* DreamsViewControllerTests.swift */ = {isa = PBXFileReference; lastKnownFileType = sourcecode.swift; path = DreamsViewControllerTests.swift; sourceTree = "<group>"; };
		FA6CD92B25262F7E00E68FA7 /* DreamsTests.swift */ = {isa = PBXFileReference; lastKnownFileType = sourcecode.swift; path = DreamsTests.swift; sourceTree = "<group>"; };
		FA6CD93D252C6A6100E68FA7 /* DreamsViewControllerDelegateSpy.swift */ = {isa = PBXFileReference; lastKnownFileType = sourcecode.swift; path = DreamsViewControllerDelegateSpy.swift; sourceTree = "<group>"; };
		FA6CD944252C6A9700E68FA7 /* WebServiceSpy.swift */ = {isa = PBXFileReference; lastKnownFileType = sourcecode.swift; path = WebServiceSpy.swift; sourceTree = "<group>"; };
		FA6CD94F252C6AEB00E68FA7 /* WebServiceDelegateSpy.swift */ = {isa = PBXFileReference; lastKnownFileType = sourcecode.swift; path = WebServiceDelegateSpy.swift; sourceTree = "<group>"; };
		FA6CD958252C6B2500E68FA7 /* DreamsExtensions.swift */ = {isa = PBXFileReference; lastKnownFileType = sourcecode.swift; path = DreamsExtensions.swift; sourceTree = "<group>"; };
		FA73781325876E5800B662F3 /* Request.swift */ = {isa = PBXFileReference; lastKnownFileType = sourcecode.swift; path = Request.swift; sourceTree = "<group>"; };
		FA73781725876E7600B662F3 /* ResponseEvent.swift */ = {isa = PBXFileReference; lastKnownFileType = sourcecode.swift; path = ResponseEvent.swift; sourceTree = "<group>"; };
		FA7378342588F0B300B662F3 /* DreamsViewControllerDelegateTests.swift */ = {isa = PBXFileReference; lastKnownFileType = sourcecode.swift; path = DreamsViewControllerDelegateTests.swift; sourceTree = "<group>"; };
		FAF52DFF252F2ADE0099D38F /* WebServiceDelegate.swift */ = {isa = PBXFileReference; lastKnownFileType = sourcecode.swift; path = WebServiceDelegate.swift; sourceTree = "<group>"; };
		FAF52E03252F2FC90099D38F /* WebServiceType.swift */ = {isa = PBXFileReference; lastKnownFileType = sourcecode.swift; path = WebServiceType.swift; sourceTree = "<group>"; };
		FAF52E09252F36A80099D38F /* DreamsDelegate.swift */ = {isa = PBXFileReference; lastKnownFileType = sourcecode.swift; path = DreamsDelegate.swift; sourceTree = "<group>"; };
/* End PBXFileReference section */

/* Begin PBXFrameworksBuildPhase section */
		FA343FE9251CDD950073F33E /* Frameworks */ = {
			isa = PBXFrameworksBuildPhase;
			buildActionMask = 2147483647;
			files = (
			);
			runOnlyForDeploymentPostprocessing = 0;
		};
		FA6CD8DC2525EB2700E68FA7 /* Frameworks */ = {
			isa = PBXFrameworksBuildPhase;
			buildActionMask = 2147483647;
			files = (
				FA6CD8E42525EB2700E68FA7 /* Dreams.framework in Frameworks */,
			);
			runOnlyForDeploymentPostprocessing = 0;
		};
/* End PBXFrameworksBuildPhase section */

/* Begin PBXGroup section */
		FA343FE2251CDD950073F33E = {
			isa = PBXGroup;
			children = (
				FA343FEE251CDD950073F33E /* Sources */,
				FA6CD8E02525EB2700E68FA7 /* Tests */,
				FA343FED251CDD950073F33E /* Products */,
			);
			sourceTree = "<group>";
		};
		FA343FED251CDD950073F33E /* Products */ = {
			isa = PBXGroup;
			children = (
				FA343FEC251CDD950073F33E /* Dreams.framework */,
				FA6CD8DF2525EB2700E68FA7 /* DreamsTests.xctest */,
			);
			name = Products;
			sourceTree = "<group>";
		};
		FA343FEE251CDD950073F33E /* Sources */ = {
			isa = PBXGroup;
			children = (
				FA343FF0251CDD950073F33E /* Info.plist */,
				FA343FEF251CDD950073F33E /* Dreams.h */,
				FA482E9F251CE91F00D6006B /* Dreams.swift */,
				1A0C2C8D25AC7FD900279C0C /* DreamsConfiguration.swift */,
				1A0C2C9B25AC9C9100279C0C /* DreamsCredentials.swift */,
				1A0C2C8925AC7F9F00279C0C /* DreamsNetworkInteraction.swift */,
				FA482EA0251CE91F00D6006B /* DreamsViewController.swift */,
				FAF52E09252F36A80099D38F /* DreamsDelegate.swift */,
				FA73781325876E5800B662F3 /* Request.swift */,
				FA73781725876E7600B662F3 /* ResponseEvent.swift */,
				FA6B49CD252356E80026B31D /* WebService.swift */,
				FAF52E03252F2FC90099D38F /* WebServiceType.swift */,
				FAF52DFF252F2ADE0099D38F /* WebServiceDelegate.swift */,
			);
			path = Sources;
			sourceTree = "<group>";
		};
		FA6CD8E02525EB2700E68FA7 /* Tests */ = {
			isa = PBXGroup;
			children = (
				FA6CD958252C6B2500E68FA7 /* DreamsExtensions.swift */,
				FA6CD92B25262F7E00E68FA7 /* DreamsTests.swift */,
				FA6CD93D252C6A6100E68FA7 /* DreamsViewControllerDelegateSpy.swift */,
				FA7378342588F0B300B662F3 /* DreamsViewControllerDelegateTests.swift */,
				FA6CD92725262F1600E68FA7 /* DreamsViewControllerTests.swift */,
				FA6CD94F252C6AEB00E68FA7 /* WebServiceDelegateSpy.swift */,
				FA6CD8E12525EB2700E68FA7 /* WebServiceTests.swift */,
				FA6CD944252C6A9700E68FA7 /* WebServiceSpy.swift */,
				FA6CD8E32525EB2700E68FA7 /* Info.plist */,
			);
			path = Tests;
			sourceTree = "<group>";
		};
/* End PBXGroup section */

/* Begin PBXHeadersBuildPhase section */
		FA343FE7251CDD950073F33E /* Headers */ = {
			isa = PBXHeadersBuildPhase;
			buildActionMask = 2147483647;
			files = (
				FA343FF1251CDD950073F33E /* Dreams.h in Headers */,
			);
			runOnlyForDeploymentPostprocessing = 0;
		};
/* End PBXHeadersBuildPhase section */

/* Begin PBXNativeTarget section */
		FA343FEB251CDD950073F33E /* Dreams */ = {
			isa = PBXNativeTarget;
			buildConfigurationList = FA343FF4251CDD950073F33E /* Build configuration list for PBXNativeTarget "Dreams" */;
			buildPhases = (
				FA343FE7251CDD950073F33E /* Headers */,
				FA343FE8251CDD950073F33E /* Sources */,
				FA343FE9251CDD950073F33E /* Frameworks */,
				FA343FEA251CDD950073F33E /* Resources */,
			);
			buildRules = (
			);
			dependencies = (
			);
			name = Dreams;
			productName = Dreams;
			productReference = FA343FEC251CDD950073F33E /* Dreams.framework */;
			productType = "com.apple.product-type.framework";
		};
		FA6CD8DE2525EB2700E68FA7 /* DreamsTests */ = {
			isa = PBXNativeTarget;
			buildConfigurationList = FA6CD8E92525EB2700E68FA7 /* Build configuration list for PBXNativeTarget "DreamsTests" */;
			buildPhases = (
				FA6CD8DB2525EB2700E68FA7 /* Sources */,
				FA6CD8DC2525EB2700E68FA7 /* Frameworks */,
				FA6CD8DD2525EB2700E68FA7 /* Resources */,
			);
			buildRules = (
			);
			dependencies = (
				FA6CD8E62525EB2700E68FA7 /* PBXTargetDependency */,
			);
			name = DreamsTests;
			productName = DreamsTests;
			productReference = FA6CD8DF2525EB2700E68FA7 /* DreamsTests.xctest */;
			productType = "com.apple.product-type.bundle.unit-test";
		};
/* End PBXNativeTarget section */

/* Begin PBXProject section */
		FA343FE3251CDD950073F33E /* Project object */ = {
			isa = PBXProject;
			attributes = {
				LastSwiftUpdateCheck = 1200;
				LastUpgradeCheck = 1220;
				ORGANIZATIONNAME = "Dreams AB";
				TargetAttributes = {
					FA343FEB251CDD950073F33E = {
						CreatedOnToolsVersion = 12.0;
						LastSwiftMigration = 1200;
					};
					FA6CD8DE2525EB2700E68FA7 = {
						CreatedOnToolsVersion = 12.0;
					};
				};
			};
			buildConfigurationList = FA343FE6251CDD950073F33E /* Build configuration list for PBXProject "Dreams" */;
			compatibilityVersion = "Xcode 9.3";
			developmentRegion = en;
			hasScannedForEncodings = 0;
			knownRegions = (
				en,
				Base,
			);
			mainGroup = FA343FE2251CDD950073F33E;
			productRefGroup = FA343FED251CDD950073F33E /* Products */;
			projectDirPath = "";
			projectRoot = "";
			targets = (
				FA343FEB251CDD950073F33E /* Dreams */,
				FA6CD8DE2525EB2700E68FA7 /* DreamsTests */,
			);
		};
/* End PBXProject section */

/* Begin PBXResourcesBuildPhase section */
		FA343FEA251CDD950073F33E /* Resources */ = {
			isa = PBXResourcesBuildPhase;
			buildActionMask = 2147483647;
			files = (
			);
			runOnlyForDeploymentPostprocessing = 0;
		};
		FA6CD8DD2525EB2700E68FA7 /* Resources */ = {
			isa = PBXResourcesBuildPhase;
			buildActionMask = 2147483647;
			files = (
			);
			runOnlyForDeploymentPostprocessing = 0;
		};
/* End PBXResourcesBuildPhase section */

/* Begin PBXSourcesBuildPhase section */
		FA343FE8251CDD950073F33E /* Sources */ = {
			isa = PBXSourcesBuildPhase;
			buildActionMask = 2147483647;
			files = (
				1A0C2C9C25AC9C9100279C0C /* DreamsCredentials.swift in Sources */,
				FA482EA3251CE91F00D6006B /* DreamsViewController.swift in Sources */,
				FA6B49CE252356E80026B31D /* WebService.swift in Sources */,
				FAF52E00252F2ADE0099D38F /* WebServiceDelegate.swift in Sources */,
				1A0C2C8E25AC7FD900279C0C /* DreamsConfiguration.swift in Sources */,
				FA73781825876E7600B662F3 /* ResponseEvent.swift in Sources */,
				1A0C2C8A25AC7F9F00279C0C /* DreamsNetworkInteraction.swift in Sources */,
				FAF52E04252F2FC90099D38F /* WebServiceType.swift in Sources */,
				FAF52E0A252F36A80099D38F /* DreamsDelegate.swift in Sources */,
				FA73781425876E5800B662F3 /* Request.swift in Sources */,
				FA482EA2251CE91F00D6006B /* Dreams.swift in Sources */,
			);
			runOnlyForDeploymentPostprocessing = 0;
		};
		FA6CD8DB2525EB2700E68FA7 /* Sources */ = {
			isa = PBXSourcesBuildPhase;
			buildActionMask = 2147483647;
			files = (
				FA6CD948252C6A9900E68FA7 /* WebServiceSpy.swift in Sources */,
				FA6CD941252C6A8000E68FA7 /* DreamsViewControllerDelegateSpy.swift in Sources */,
				FA6CD953252C6AF700E68FA7 /* WebServiceDelegateSpy.swift in Sources */,
				FA6CD8E22525EB2700E68FA7 /* WebServiceTests.swift in Sources */,
				FA6CD959252C6B2500E68FA7 /* DreamsExtensions.swift in Sources */,
				FAABFF482588F2BE00302A40 /* DreamsViewControllerDelegateTests.swift in Sources */,
				FA6CD93525262FE300E68FA7 /* DreamsViewControllerTests.swift in Sources */,
				FA6CD92C25262F7E00E68FA7 /* DreamsTests.swift in Sources */,
			);
			runOnlyForDeploymentPostprocessing = 0;
		};
/* End PBXSourcesBuildPhase section */

/* Begin PBXTargetDependency section */
		FA6CD8E62525EB2700E68FA7 /* PBXTargetDependency */ = {
			isa = PBXTargetDependency;
			target = FA343FEB251CDD950073F33E /* Dreams */;
			targetProxy = FA6CD8E52525EB2700E68FA7 /* PBXContainerItemProxy */;
		};
/* End PBXTargetDependency section */

/* Begin XCBuildConfiguration section */
		FA343FF2251CDD950073F33E /* Debug */ = {
			isa = XCBuildConfiguration;
			buildSettings = {
				ALWAYS_SEARCH_USER_PATHS = NO;
				CLANG_ANALYZER_NONNULL = YES;
				CLANG_ANALYZER_NUMBER_OBJECT_CONVERSION = YES_AGGRESSIVE;
				CLANG_CXX_LANGUAGE_STANDARD = "gnu++14";
				CLANG_CXX_LIBRARY = "libc++";
				CLANG_ENABLE_MODULES = YES;
				CLANG_ENABLE_OBJC_ARC = YES;
				CLANG_ENABLE_OBJC_WEAK = YES;
				CLANG_WARN_BLOCK_CAPTURE_AUTORELEASING = YES;
				CLANG_WARN_BOOL_CONVERSION = YES;
				CLANG_WARN_COMMA = YES;
				CLANG_WARN_CONSTANT_CONVERSION = YES;
				CLANG_WARN_DEPRECATED_OBJC_IMPLEMENTATIONS = YES;
				CLANG_WARN_DIRECT_OBJC_ISA_USAGE = YES_ERROR;
				CLANG_WARN_DOCUMENTATION_COMMENTS = YES;
				CLANG_WARN_EMPTY_BODY = YES;
				CLANG_WARN_ENUM_CONVERSION = YES;
				CLANG_WARN_INFINITE_RECURSION = YES;
				CLANG_WARN_INT_CONVERSION = YES;
				CLANG_WARN_NON_LITERAL_NULL_CONVERSION = YES;
				CLANG_WARN_OBJC_IMPLICIT_RETAIN_SELF = YES;
				CLANG_WARN_OBJC_LITERAL_CONVERSION = YES;
				CLANG_WARN_OBJC_ROOT_CLASS = YES_ERROR;
				CLANG_WARN_QUOTED_INCLUDE_IN_FRAMEWORK_HEADER = YES;
				CLANG_WARN_RANGE_LOOP_ANALYSIS = YES;
				CLANG_WARN_STRICT_PROTOTYPES = YES;
				CLANG_WARN_SUSPICIOUS_MOVE = YES;
				CLANG_WARN_UNGUARDED_AVAILABILITY = YES_AGGRESSIVE;
				CLANG_WARN_UNREACHABLE_CODE = YES;
				CLANG_WARN__DUPLICATE_METHOD_MATCH = YES;
				COPY_PHASE_STRIP = NO;
				CURRENT_PROJECT_VERSION = 1;
				DEBUG_INFORMATION_FORMAT = dwarf;
				ENABLE_STRICT_OBJC_MSGSEND = YES;
				ENABLE_TESTABILITY = YES;
				GCC_C_LANGUAGE_STANDARD = gnu11;
				GCC_DYNAMIC_NO_PIC = NO;
				GCC_NO_COMMON_BLOCKS = YES;
				GCC_OPTIMIZATION_LEVEL = 0;
				GCC_PREPROCESSOR_DEFINITIONS = (
					"DEBUG=1",
					"$(inherited)",
				);
				GCC_WARN_64_TO_32_BIT_CONVERSION = YES;
				GCC_WARN_ABOUT_RETURN_TYPE = YES_ERROR;
				GCC_WARN_UNDECLARED_SELECTOR = YES;
				GCC_WARN_UNINITIALIZED_AUTOS = YES_AGGRESSIVE;
				GCC_WARN_UNUSED_FUNCTION = YES;
				GCC_WARN_UNUSED_VARIABLE = YES;
				IPHONEOS_DEPLOYMENT_TARGET = 10.0;
				MTL_ENABLE_DEBUG_INFO = INCLUDE_SOURCE;
				MTL_FAST_MATH = YES;
				ONLY_ACTIVE_ARCH = YES;
				SDKROOT = iphoneos;
				SWIFT_ACTIVE_COMPILATION_CONDITIONS = DEBUG;
				SWIFT_OPTIMIZATION_LEVEL = "-Onone";
				VERSIONING_SYSTEM = "apple-generic";
				VERSION_INFO_PREFIX = "";
			};
			name = Debug;
		};
		FA343FF3251CDD950073F33E /* Release */ = {
			isa = XCBuildConfiguration;
			buildSettings = {
				ALWAYS_SEARCH_USER_PATHS = NO;
				CLANG_ANALYZER_NONNULL = YES;
				CLANG_ANALYZER_NUMBER_OBJECT_CONVERSION = YES_AGGRESSIVE;
				CLANG_CXX_LANGUAGE_STANDARD = "gnu++14";
				CLANG_CXX_LIBRARY = "libc++";
				CLANG_ENABLE_MODULES = YES;
				CLANG_ENABLE_OBJC_ARC = YES;
				CLANG_ENABLE_OBJC_WEAK = YES;
				CLANG_WARN_BLOCK_CAPTURE_AUTORELEASING = YES;
				CLANG_WARN_BOOL_CONVERSION = YES;
				CLANG_WARN_COMMA = YES;
				CLANG_WARN_CONSTANT_CONVERSION = YES;
				CLANG_WARN_DEPRECATED_OBJC_IMPLEMENTATIONS = YES;
				CLANG_WARN_DIRECT_OBJC_ISA_USAGE = YES_ERROR;
				CLANG_WARN_DOCUMENTATION_COMMENTS = YES;
				CLANG_WARN_EMPTY_BODY = YES;
				CLANG_WARN_ENUM_CONVERSION = YES;
				CLANG_WARN_INFINITE_RECURSION = YES;
				CLANG_WARN_INT_CONVERSION = YES;
				CLANG_WARN_NON_LITERAL_NULL_CONVERSION = YES;
				CLANG_WARN_OBJC_IMPLICIT_RETAIN_SELF = YES;
				CLANG_WARN_OBJC_LITERAL_CONVERSION = YES;
				CLANG_WARN_OBJC_ROOT_CLASS = YES_ERROR;
				CLANG_WARN_QUOTED_INCLUDE_IN_FRAMEWORK_HEADER = YES;
				CLANG_WARN_RANGE_LOOP_ANALYSIS = YES;
				CLANG_WARN_STRICT_PROTOTYPES = YES;
				CLANG_WARN_SUSPICIOUS_MOVE = YES;
				CLANG_WARN_UNGUARDED_AVAILABILITY = YES_AGGRESSIVE;
				CLANG_WARN_UNREACHABLE_CODE = YES;
				CLANG_WARN__DUPLICATE_METHOD_MATCH = YES;
				COPY_PHASE_STRIP = NO;
				CURRENT_PROJECT_VERSION = 1;
				DEBUG_INFORMATION_FORMAT = "dwarf-with-dsym";
				ENABLE_NS_ASSERTIONS = NO;
				ENABLE_STRICT_OBJC_MSGSEND = YES;
				GCC_C_LANGUAGE_STANDARD = gnu11;
				GCC_NO_COMMON_BLOCKS = YES;
				GCC_WARN_64_TO_32_BIT_CONVERSION = YES;
				GCC_WARN_ABOUT_RETURN_TYPE = YES_ERROR;
				GCC_WARN_UNDECLARED_SELECTOR = YES;
				GCC_WARN_UNINITIALIZED_AUTOS = YES_AGGRESSIVE;
				GCC_WARN_UNUSED_FUNCTION = YES;
				GCC_WARN_UNUSED_VARIABLE = YES;
				IPHONEOS_DEPLOYMENT_TARGET = 10.0;
				MTL_ENABLE_DEBUG_INFO = NO;
				MTL_FAST_MATH = YES;
				SDKROOT = iphoneos;
				SWIFT_COMPILATION_MODE = wholemodule;
				SWIFT_OPTIMIZATION_LEVEL = "-O";
				VALIDATE_PRODUCT = YES;
				VERSIONING_SYSTEM = "apple-generic";
				VERSION_INFO_PREFIX = "";
			};
			name = Release;
		};
		FA343FF5251CDD950073F33E /* Debug */ = {
			isa = XCBuildConfiguration;
			buildSettings = {
				CLANG_ENABLE_MODULES = YES;
				CODE_SIGN_STYLE = Automatic;
				DEFINES_MODULE = YES;
				DEVELOPMENT_TEAM = 5KJFUT4KM3;
				DYLIB_COMPATIBILITY_VERSION = 1;
				DYLIB_CURRENT_VERSION = 1;
				DYLIB_INSTALL_NAME_BASE = "@rpath";
				INFOPLIST_FILE = "$(SRCROOT)/Sources/Info.plist";
				INSTALL_PATH = "$(LOCAL_LIBRARY_DIR)/Frameworks";
				IPHONEOS_DEPLOYMENT_TARGET = 10.0;
				LD_RUNPATH_SEARCH_PATHS = (
					"$(inherited)",
					"@executable_path/Frameworks",
					"@loader_path/Frameworks",
				);
				ONLY_ACTIVE_ARCH = NO;
				PRODUCT_BUNDLE_IDENTIFIER = "com.getdreams.ios-sdk";
				PRODUCT_NAME = "$(TARGET_NAME:c99extidentifier)";
				SKIP_INSTALL = YES;
				SUPPORTS_MACCATALYST = YES;
				SWIFT_OPTIMIZATION_LEVEL = "-Onone";
				SWIFT_VERSION = 5.0;
				TARGETED_DEVICE_FAMILY = "1,2";
			};
			name = Debug;
		};
		FA343FF6251CDD950073F33E /* Release */ = {
			isa = XCBuildConfiguration;
			buildSettings = {
				CLANG_ENABLE_MODULES = YES;
				CODE_SIGN_STYLE = Automatic;
				DEFINES_MODULE = YES;
				DEVELOPMENT_TEAM = 5KJFUT4KM3;
				DYLIB_COMPATIBILITY_VERSION = 1;
				DYLIB_CURRENT_VERSION = 1;
				DYLIB_INSTALL_NAME_BASE = "@rpath";
				INFOPLIST_FILE = "$(SRCROOT)/Sources/Info.plist";
				INSTALL_PATH = "$(LOCAL_LIBRARY_DIR)/Frameworks";
				IPHONEOS_DEPLOYMENT_TARGET = 10.0;
				LD_RUNPATH_SEARCH_PATHS = (
					"$(inherited)",
					"@executable_path/Frameworks",
					"@loader_path/Frameworks",
				);
				PRODUCT_BUNDLE_IDENTIFIER = "com.getdreams.ios-sdk";
				PRODUCT_NAME = "$(TARGET_NAME:c99extidentifier)";
				SKIP_INSTALL = YES;
				SUPPORTS_MACCATALYST = YES;
				SWIFT_VERSION = 5.0;
				TARGETED_DEVICE_FAMILY = "1,2";
			};
			name = Release;
		};
		FA6CD8E72525EB2700E68FA7 /* Debug */ = {
			isa = XCBuildConfiguration;
			buildSettings = {
				CODE_SIGN_STYLE = Automatic;
				DEVELOPMENT_TEAM = 5KJFUT4KM3;
				INFOPLIST_FILE = Tests/Info.plist;
				LD_RUNPATH_SEARCH_PATHS = (
					"$(inherited)",
					"@executable_path/Frameworks",
					"@loader_path/Frameworks",
				);
				PRODUCT_BUNDLE_IDENTIFIER = com.getdreams.DreamsTests;
				PRODUCT_NAME = "$(TARGET_NAME)";
				SWIFT_VERSION = 5.0;
				TARGETED_DEVICE_FAMILY = "1,2";
			};
			name = Debug;
		};
		FA6CD8E82525EB2700E68FA7 /* Release */ = {
			isa = XCBuildConfiguration;
			buildSettings = {
				CODE_SIGN_STYLE = Automatic;
				DEVELOPMENT_TEAM = 5KJFUT4KM3;
				INFOPLIST_FILE = Tests/Info.plist;
				LD_RUNPATH_SEARCH_PATHS = (
					"$(inherited)",
					"@executable_path/Frameworks",
					"@loader_path/Frameworks",
				);
				PRODUCT_BUNDLE_IDENTIFIER = com.getdreams.DreamsTests;
				PRODUCT_NAME = "$(TARGET_NAME)";
				SWIFT_VERSION = 5.0;
				TARGETED_DEVICE_FAMILY = "1,2";
			};
			name = Release;
		};
/* End XCBuildConfiguration section */

/* Begin XCConfigurationList section */
		FA343FE6251CDD950073F33E /* Build configuration list for PBXProject "Dreams" */ = {
			isa = XCConfigurationList;
			buildConfigurations = (
				FA343FF2251CDD950073F33E /* Debug */,
				FA343FF3251CDD950073F33E /* Release */,
			);
			defaultConfigurationIsVisible = 0;
			defaultConfigurationName = Release;
		};
		FA343FF4251CDD950073F33E /* Build configuration list for PBXNativeTarget "Dreams" */ = {
			isa = XCConfigurationList;
			buildConfigurations = (
				FA343FF5251CDD950073F33E /* Debug */,
				FA343FF6251CDD950073F33E /* Release */,
			);
			defaultConfigurationIsVisible = 0;
			defaultConfigurationName = Release;
		};
		FA6CD8E92525EB2700E68FA7 /* Build configuration list for PBXNativeTarget "DreamsTests" */ = {
			isa = XCConfigurationList;
			buildConfigurations = (
				FA6CD8E72525EB2700E68FA7 /* Debug */,
				FA6CD8E82525EB2700E68FA7 /* Release */,
			);
			defaultConfigurationIsVisible = 0;
			defaultConfigurationName = Release;
		};
/* End XCConfigurationList section */
	};
	rootObject = FA343FE3251CDD950073F33E /* Project object */;
}
